
Microsoft Visual Studio Solution File, Format Version 12.00
# Visual Studio 15
VisualStudioVersion = 15.0.27004.2009
MinimumVisualStudioVersion = 10.0.40219.1
Project("{FAE04EC0-301F-11D3-BF4B-00C04F79EFBC}") = "AccessModifiersii", "AccessModifiersii\AccessModifiersii.csproj", "{3836A34D-7B07-4FE8-BA70-21DF06EACC66}"
EndProject
Project("{FAE04EC0-301F-11D3-BF4B-00C04F79EFBC}") = "Amazon", "Amazon\Amazon.csproj", "{3432F7D4-4977-4523-A6CD-CE1A8B6A64B6}"
EndProject
Global
	GlobalSection(SolutionConfigurationPlatforms) = preSolution
		Debug|Any CPU = Debug|Any CPU
		Release|Any CPU = Release|Any CPU
	EndGlobalSection
	GlobalSection(ProjectConfigurationPlatforms) = postSolution
		{3836A34D-7B07-4FE8-BA70-21DF06EACC66}.Debug|Any CPU.ActiveCfg = Debug|Any CPU
		{3836A34D-7B07-4FE8-BA70-21DF06EACC66}.Debug|Any CPU.Build.0 = Debug|Any CPU
		{3836A34D-7B07-4FE8-BA70-21DF06EACC66}.Release|Any CPU.ActiveCfg = Release|Any CPU
		{3836A34D-7B07-4FE8-BA70-21DF06EACC66}.Release|Any CPU.Build.0 = Release|Any CPU
		{3432F7D4-4977-4523-A6CD-CE1A8B6A64B6}.Debug|Any CPU.ActiveCfg = Debug|Any CPU
		{3432F7D4-4977-4523-A6CD-CE1A8B6A64B6}.Debug|Any CPU.Build.0 = Debug|Any CPU
		{3432F7D4-4977-4523-A6CD-CE1A8B6A64B6}.Release|Any CPU.ActiveCfg = Release|Any CPU
		{3432F7D4-4977-4523-A6CD-CE1A8B6A64B6}.Release|Any CPU.Build.0 = Release|Any CPU
	EndGlobalSection
	GlobalSection(SolutionProperties) = preSolution
		HideSolutionNode = FALSE
	EndGlobalSection
	GlobalSection(ExtensibilityGlobals) = postSolution
		SolutionGuid = {D97449E9-CBD2-4734-BEC0-B25B16FF59FE}
	EndGlobalSection
EndGlobal
